// !$*UTF8*$!
{
	archiveVersion = 1;
	classes = {
	};
	objectVersion = 46;
	objects = {

/* Begin PBXBuildFile section */
		D1A289EE1F31B6BA00AE4370 /* main.m in Sources */ = {isa = PBXBuildFile; fileRef = D1A289ED1F31B6BA00AE4370 /* main.m */; };
		D1A289F11F31B6BA00AE4370 /* AppDelegate.m in Sources */ = {isa = PBXBuildFile; fileRef = D1A289F01F31B6BA00AE4370 /* AppDelegate.m */; };
		D1A289F41F31B6BA00AE4370 /* ViewController.m in Sources */ = {isa = PBXBuildFile; fileRef = D1A289F31F31B6BA00AE4370 /* ViewController.m */; };
		D1A289F71F31B6BA00AE4370 /* Main.storyboard in Resources */ = {isa = PBXBuildFile; fileRef = D1A289F51F31B6BA00AE4370 /* Main.storyboard */; };
		D1A289F91F31B6BA00AE4370 /* Assets.xcassets in Resources */ = {isa = PBXBuildFile; fileRef = D1A289F81F31B6BA00AE4370 /* Assets.xcassets */; };
		D1A289FC1F31B6BA00AE4370 /* LaunchScreen.storyboard in Resources */ = {isa = PBXBuildFile; fileRef = D1A289FA1F31B6BA00AE4370 /* LaunchScreen.storyboard */; };
		D1A28A061F31B71F00AE4370 /* VideoCapture.m in Sources */ = {isa = PBXBuildFile; fileRef = D1A28A051F31B71F00AE4370 /* VideoCapture.m */; };
		D1A28A091F31E02500AE4370 /* H264Encoder.m in Sources */ = {isa = PBXBuildFile; fileRef = D1A28A081F31E02500AE4370 /* H264Encoder.m */; };
/* End PBXBuildFile section */

/* Begin PBXFileReference section */
		D1A289E91F31B6BA00AE4370 /* LGLiveApp.app */ = {isa = PBXFileReference; explicitFileType = wrapper.application; includeInIndex = 0; path = LGLiveApp.app; sourceTree = BUILT_PRODUCTS_DIR; };
		D1A289ED1F31B6BA00AE4370 /* main.m */ = {isa = PBXFileReference; lastKnownFileType = sourcecode.c.objc; path = main.m; sourceTree = "<group>"; };
		D1A289EF1F31B6BA00AE4370 /* AppDelegate.h */ = {isa = PBXFileReference; lastKnownFileType = sourcecode.c.h; path = AppDelegate.h; sourceTree = "<group>"; };
		D1A289F01F31B6BA00AE4370 /* AppDelegate.m */ = {isa = PBXFileReference; lastKnownFileType = sourcecode.c.objc; path = AppDelegate.m; sourceTree = "<group>"; };
		D1A289F21F31B6BA00AE4370 /* ViewController.h */ = {isa = PBXFileReference; lastKnownFileType = sourcecode.c.h; path = ViewController.h; sourceTree = "<group>"; };
		D1A289F31F31B6BA00AE4370 /* ViewController.m */ = {isa = PBXFileReference; lastKnownFileType = sourcecode.c.objc; path = ViewController.m; sourceTree = "<group>"; };
		D1A289F61F31B6BA00AE4370 /* Base */ = {isa = PBXFileReference; lastKnownFileType = file.storyboard; name = Base; path = Base.lproj/Main.storyboard; sourceTree = "<group>"; };
		D1A289F81F31B6BA00AE4370 /* Assets.xcassets */ = {isa = PBXFileReference; lastKnownFileType = folder.assetcatalog; path = Assets.xcassets; sourceTree = "<group>"; };
		D1A289FB1F31B6BA00AE4370 /* Base */ = {isa = PBXFileReference; lastKnownFileType = file.storyboard; name = Base; path = Base.lproj/LaunchScreen.storyboard; sourceTree = "<group>"; };
		D1A289FD1F31B6BA00AE4370 /* Info.plist */ = {isa = PBXFileReference; lastKnownFileType = text.plist.xml; path = Info.plist; sourceTree = "<group>"; };
		D1A28A041F31B71F00AE4370 /* VideoCapture.h */ = {isa = PBXFileReference; fileEncoding = 4; lastKnownFileType = sourcecode.c.h; path = VideoCapture.h; sourceTree = "<group>"; };
		D1A28A051F31B71F00AE4370 /* VideoCapture.m */ = {isa = PBXFileReference; fileEncoding = 4; lastKnownFileType = sourcecode.c.objc; path = VideoCapture.m; sourceTree = "<group>"; };
		D1A28A071F31E02500AE4370 /* H264Encoder.h */ = {isa = PBXFileReference; fileEncoding = 4; lastKnownFileType = sourcecode.c.h; path = H264Encoder.h; sourceTree = "<group>"; };
		D1A28A081F31E02500AE4370 /* H264Encoder.m */ = {isa = PBXFileReference; fileEncoding = 4; lastKnownFileType = sourcecode.c.objc; path = H264Encoder.m; sourceTree = "<group>"; };
/* End PBXFileReference section */

/* Begin PBXFrameworksBuildPhase section */
		D1A289E61F31B6BA00AE4370 /* Frameworks */ = {
			isa = PBXFrameworksBuildPhase;
			buildActionMask = 2147483647;
			files = (
			);
			runOnlyForDeploymentPostprocessing = 0;
		};
/* End PBXFrameworksBuildPhase section */

/* Begin PBXGroup section */
		D1A289E01F31B6BA00AE4370 = {
			isa = PBXGroup;
			children = (
				D1A289EB1F31B6BA00AE4370 /* LGLiveApp */,
				D1A289EA1F31B6BA00AE4370 /* Products */,
			);
			sourceTree = "<group>";
		};
		D1A289EA1F31B6BA00AE4370 /* Products */ = {
			isa = PBXGroup;
			children = (
				D1A289E91F31B6BA00AE4370 /* LGLiveApp.app */,
			);
			name = Products;
			sourceTree = "<group>";
		};
		D1A289EB1F31B6BA00AE4370 /* LGLiveApp */ = {
			isa = PBXGroup;
			children = (
				D1A28A031F31B70000AE4370 /* LGEncoder */,
				D1A289EF1F31B6BA00AE4370 /* AppDelegate.h */,
				D1A289F01F31B6BA00AE4370 /* AppDelegate.m */,
				D1A289F21F31B6BA00AE4370 /* ViewController.h */,
				D1A289F31F31B6BA00AE4370 /* ViewController.m */,
				D1A289F51F31B6BA00AE4370 /* Main.storyboard */,
				D1A289F81F31B6BA00AE4370 /* Assets.xcassets */,
				D1A289FA1F31B6BA00AE4370 /* LaunchScreen.storyboard */,
				D1A289FD1F31B6BA00AE4370 /* Info.plist */,
				D1A289EC1F31B6BA00AE4370 /* Supporting Files */,
			);
			path = LGLiveApp;
			sourceTree = "<group>";
		};
		D1A289EC1F31B6BA00AE4370 /* Supporting Files */ = {
			isa = PBXGroup;
			children = (
				D1A289ED1F31B6BA00AE4370 /* main.m */,
			);
			name = "Supporting Files";
			sourceTree = "<group>";
		};
		D1A28A031F31B70000AE4370 /* LGEncoder */ = {
			isa = PBXGroup;
			children = (
				D1A28A041F31B71F00AE4370 /* VideoCapture.h */,
				D1A28A051F31B71F00AE4370 /* VideoCapture.m */,
				D1A28A071F31E02500AE4370 /* H264Encoder.h */,
				D1A28A081F31E02500AE4370 /* H264Encoder.m */,
			);
			path = LGEncoder;
			sourceTree = "<group>";
		};
/* End PBXGroup section */

/* Begin PBXNativeTarget section */
		D1A289E81F31B6BA00AE4370 /* LGLiveApp */ = {
			isa = PBXNativeTarget;
			buildConfigurationList = D1A28A001F31B6BA00AE4370 /* Build configuration list for PBXNativeTarget "LGLiveApp" */;
			buildPhases = (
				D1A289E51F31B6BA00AE4370 /* Sources */,
				D1A289E61F31B6BA00AE4370 /* Frameworks */,
				D1A289E71F31B6BA00AE4370 /* Resources */,
			);
			buildRules = (
			);
			dependencies = (
			);
			name = LGLiveApp;
			productName = LGLiveApp;
			productReference = D1A289E91F31B6BA00AE4370 /* LGLiveApp.app */;
			productType = "com.apple.product-type.application";
		};
/* End PBXNativeTarget section */

/* Begin PBXProject section */
		D1A289E11F31B6BA00AE4370 /* Project object */ = {
			isa = PBXProject;
			attributes = {
				LastUpgradeCheck = 0830;
				ORGANIZATIONNAME = weiguang;
				TargetAttributes = {
					D1A289E81F31B6BA00AE4370 = {
						CreatedOnToolsVersion = 8.3.2;
						DevelopmentTeam = 94TH79H8C6;
						ProvisioningStyle = Automatic;
					};
				};
			};
			buildConfigurationList = D1A289E41F31B6BA00AE4370 /* Build configuration list for PBXProject "LGLiveApp" */;
			compatibilityVersion = "Xcode 3.2";
			developmentRegion = English;
			hasScannedForEncodings = 0;
			knownRegions = (
				en,
				Base,
			);
			mainGroup = D1A289E01F31B6BA00AE4370;
			productRefGroup = D1A289EA1F31B6BA00AE4370 /* Products */;
			projectDirPath = "";
			projectRoot = "";
			targets = (
				D1A289E81F31B6BA00AE4370 /* LGLiveApp */,
			);
		};
/* End PBXProject section */

/* Begin PBXResourcesBuildPhase section */
		D1A289E71F31B6BA00AE4370 /* Resources */ = {
			isa = PBXResourcesBuildPhase;
			buildActionMask = 2147483647;
			files = (
				D1A289FC1F31B6BA00AE4370 /* LaunchScreen.storyboard in Resources */,
				D1A289F91F31B6BA00AE4370 /* Assets.xcassets in Resources */,
				D1A289F71F31B6BA00AE4370 /* Main.storyboard in Resources */,
			);
			runOnlyForDeploymentPostprocessing = 0;
		};
/* End PBXResourcesBuildPhase section */

/* Begin PBXSourcesBuildPhase section */
		D1A289E51F31B6BA00AE4370 /* Sources */ = {
			isa = PBXSourcesBuildPhase;
			buildActionMask = 2147483647;
			files = (
				D1A28A061F31B71F00AE4370 /* VideoCapture.m in Sources */,
				D1A289F41F31B6BA00AE4370 /* ViewController.m in Sources */,
				D1A289F11F31B6BA00AE4370 /* AppDelegate.m in Sources */,
				D1A289EE1F31B6BA00AE4370 /* main.m in Sources */,
				D1A28A091F31E02500AE4370 /* H264Encoder.m in Sources */,
			);
			runOnlyForDeploymentPostprocessing = 0;
		};
/* End PBXSourcesBuildPhase section */

/* Begin PBXVariantGroup section */
		D1A289F51F31B6BA00AE4370 /* Main.storyboard */ = {
			isa = PBXVariantGroup;
			children = (
				D1A289F61F31B6BA00AE4370 /* Base */,
			);
			name = Main.storyboard;
			sourceTree = "<group>";
		};
		D1A289FA1F31B6BA00AE4370 /* LaunchScreen.storyboard */ = {
			isa = PBXVariantGroup;
			children = (
				D1A289FB1F31B6BA00AE4370 /* Base */,
			);
			name = LaunchScreen.storyboard;
			sourceTree = "<group>";
		};
/* End PBXVariantGroup section */

/* Begin XCBuildConfiguration section */
		D1A289FE1F31B6BA00AE4370 /* Debug */ = {
			isa = XCBuildConfiguration;
			buildSettings = {
				ALWAYS_SEARCH_USER_PATHS = NO;
				CLANG_ANALYZER_NONNULL = YES;
				CLANG_ANALYZER_NUMBER_OBJECT_CONVERSION = YES_AGGRESSIVE;
				CLANG_CXX_LANGUAGE_STANDARD = "gnu++0x";
				CLANG_CXX_LIBRARY = "libc++";
				CLANG_ENABLE_MODULES = YES;
				CLANG_ENABLE_OBJC_ARC = YES;
				CLANG_WARN_BOOL_CONVERSION = YES;
				CLANG_WARN_CONSTANT_CONVERSION = YES;
				CLANG_WARN_DIRECT_OBJC_ISA_USAGE = YES_ERROR;
				CLANG_WARN_DOCUMENTATION_COMMENTS = YES;
				CLANG_WARN_EMPTY_BODY = YES;
				CLANG_WARN_ENUM_CONVERSION = YES;
				CLANG_WARN_INFINITE_RECURSION = YES;
				CLANG_WARN_INT_CONVERSION = YES;
				CLANG_WARN_OBJC_ROOT_CLASS = YES_ERROR;
				CLANG_WARN_SUSPICIOUS_MOVE = YES;
				CLANG_WARN_UNREACHABLE_CODE = YES;
				CLANG_WARN__DUPLICATE_METHOD_MATCH = YES;
				"CODE_SIGN_IDENTITY[sdk=iphoneos*]" = "iPhone Developer";
				COPY_PHASE_STRIP = NO;
				DEBUG_INFORMATION_FORMAT = dwarf;
				ENABLE_STRICT_OBJC_MSGSEND = YES;
				ENABLE_TESTABILITY = YES;
				GCC_C_LANGUAGE_STANDARD = gnu99;
				GCC_DYNAMIC_NO_PIC = NO;
				GCC_NO_COMMON_BLOCKS = YES;
				GCC_OPTIMIZATION_LEVEL = 0;
				GCC_PREPROCESSOR_DEFINITIONS = (
					"DEBUG=1",
					"$(inherited)",
				);
				GCC_WARN_64_TO_32_BIT_CONVERSION = YES;
				GCC_WARN_ABOUT_RETURN_TYPE = YES_ERROR;
				GCC_WARN_UNDECLARED_SELECTOR = YES;
				GCC_WARN_UNINITIALIZED_AUTOS = YES_AGGRESSIVE;
				GCC_WARN_UNUSED_FUNCTION = YES;
				GCC_WARN_UNUSED_VARIABLE = YES;
				IPHONEOS_DEPLOYMENT_TARGET = 10.3;
				MTL_ENABLE_DEBUG_INFO = YES;
				ONLY_ACTIVE_ARCH = YES;
				SDKROOT = iphoneos;
			};
			name = Debug;
		};
		D1A289FF1F31B6BA00AE4370 /* Release */ = {
			isa = XCBuildConfiguration;
			buildSettings = {
				ALWAYS_SEARCH_USER_PATHS = NO;
				CLANG_ANALYZER_NONNULL = YES;
				CLANG_ANALYZER_NUMBER_OBJECT_CONVERSION = YES_AGGRESSIVE;
				CLANG_CXX_LANGUAGE_STANDARD = "gnu++0x";
				CLANG_CXX_LIBRARY = "libc++";
				CLANG_ENABLE_MODULES = YES;
				CLANG_ENABLE_OBJC_ARC = YES;
				CLANG_WARN_BOOL_CONVERSION = YES;
				CLANG_WARN_CONSTANT_CONVERSION = YES;
				CLANG_WARN_DIRECT_OBJC_ISA_USAGE = YES_ERROR;
				CLANG_WARN_DOCUMENTATION_COMMENTS = YES;
				CLANG_WARN_EMPTY_BODY = YES;
				CLANG_WARN_ENUM_CONVERSION = YES;
				CLANG_WARN_INFINITE_RECURSION = YES;
				CLANG_WARN_INT_CONVERSION = YES;
				CLANG_WARN_OBJC_ROOT_CLASS = YES_ERROR;
				CLANG_WARN_SUSPICIOUS_MOVE = YES;
				CLANG_WARN_UNREACHABLE_CODE = YES;
				CLANG_WARN__DUPLICATE_METHOD_MATCH = YES;
				"CODE_SIGN_IDENTITY[sdk=iphoneos*]" = "iPhone Developer";
				COPY_PHASE_STRIP = NO;
				DEBUG_INFORMATION_FORMAT = "dwarf-with-dsym";
				ENABLE_NS_ASSERTIONS = NO;
				ENABLE_STRICT_OBJC_MSGSEND = YES;
				GCC_C_LANGUAGE_STANDARD = gnu99;
				GCC_NO_COMMON_BLOCKS = YES;
				GCC_WARN_64_TO_32_BIT_CONVERSION = YES;
				GCC_WARN_ABOUT_RETURN_TYPE = YES_ERROR;
				GCC_WARN_UNDECLARED_SELECTOR = YES;
				GCC_WARN_UNINITIALIZED_AUTOS = YES_AGGRESSIVE;
				GCC_WARN_UNUSED_FUNCTION = YES;
				GCC_WARN_UNUSED_VARIABLE = YES;
				IPHONEOS_DEPLOYMENT_TARGET = 10.3;
				MTL_ENABLE_DEBUG_INFO = NO;
				SDKROOT = iphoneos;
				VALIDATE_PRODUCT = YES;
			};
			name = Release;
		};
		D1A28A011F31B6BA00AE4370 /* Debug */ = {
			isa = XCBuildConfiguration;
			buildSettings = {
				ASSETCATALOG_COMPILER_APPICON_NAME = AppIcon;
				DEVELOPMENT_TEAM = 94TH79H8C6;
				INFOPLIST_FILE = LGLiveApp/Info.plist;
				IPHONEOS_DEPLOYMENT_TARGET = 8.0;
				LD_RUNPATH_SEARCH_PATHS = "$(inherited) @executable_path/Frameworks";
				PRODUCT_BUNDLE_IDENTIFIER = changhong.LGLiveApp;
				PRODUCT_NAME = "$(TARGET_NAME)";
			};
			name = Debug;
		};
		D1A28A021F31B6BA00AE4370 /* Release */ = {
			isa = XCBuildConfiguration;
			buildSettings = {
				ASSETCATALOG_COMPILER_APPICON_NAME = AppIcon;
				DEVELOPMENT_TEAM = 94TH79H8C6;
				INFOPLIST_FILE = LGLiveApp/Info.plist;
				IPHONEOS_DEPLOYMENT_TARGET = 8.0;
				LD_RUNPATH_SEARCH_PATHS = "$(inherited) @executable_path/Frameworks";
				PRODUCT_BUNDLE_IDENTIFIER = changhong.LGLiveApp;
				PRODUCT_NAME = "$(TARGET_NAME)";
			};
			name = Release;
		};
/* End XCBuildConfiguration section */

/* Begin XCConfigurationList section */
		D1A289E41F31B6BA00AE4370 /* Build configuration list for PBXProject "LGLiveApp" */ = {
			isa = XCConfigurationList;
			buildConfigurations = (
				D1A289FE1F31B6BA00AE4370 /* Debug */,
				D1A289FF1F31B6BA00AE4370 /* Release */,
			);
			defaultConfigurationIsVisible = 0;
			defaultConfigurationName = Release;
		};
		D1A28A001F31B6BA00AE4370 /* Build configuration list for PBXNativeTarget "LGLiveApp" */ = {
			isa = XCConfigurationList;
			buildConfigurations = (
				D1A28A011F31B6BA00AE4370 /* Debug */,
				D1A28A021F31B6BA00AE4370 /* Release */,
			);
			defaultConfigurationIsVisible = 0;
		};
/* End XCConfigurationList section */
	};
	rootObject = D1A289E11F31B6BA00AE4370 /* Project object */;
}
